
Microsoft Visual Studio Solution File, Format Version 12.00
# Visual Studio 15
VisualStudioVersion = 15.0.26730.12
MinimumVisualStudioVersion = 10.0.40219.1
Project("{FAE04EC0-301F-11D3-BF4B-00C04F79EFBC}") = "DGGBot", "DGGBot\DGGBot.csproj", "{1143D02A-8C24-4B5B-B333-7A79BDF9448F}"
EndProject
Project("{FAE04EC0-301F-11D3-BF4B-00C04F79EFBC}") = "DGGBot.Data", "DGGBot.Data\DGGBot.Data.csproj", "{DC7AECB5-2F86-4B0F-9B8D-5C1A092DFFA9}"
EndProject
Global
	GlobalSection(SolutionConfigurationPlatforms) = preSolution
		Debug|Any CPU = Debug|Any CPU
		Release|Any CPU = Release|Any CPU
	EndGlobalSection
	GlobalSection(ProjectConfigurationPlatforms) = postSolution
		{1143D02A-8C24-4B5B-B333-7A79BDF9448F}.Debug|Any CPU.ActiveCfg = Debug|Any CPU
		{1143D02A-8C24-4B5B-B333-7A79BDF9448F}.Debug|Any CPU.Build.0 = Debug|Any CPU
		{1143D02A-8C24-4B5B-B333-7A79BDF9448F}.Release|Any CPU.ActiveCfg = Release|Any CPU
		{1143D02A-8C24-4B5B-B333-7A79BDF9448F}.Release|Any CPU.Build.0 = Release|Any CPU
		{DC7AECB5-2F86-4B0F-9B8D-5C1A092DFFA9}.Debug|Any CPU.ActiveCfg = Debug|Any CPU
		{DC7AECB5-2F86-4B0F-9B8D-5C1A092DFFA9}.Debug|Any CPU.Build.0 = Debug|Any CPU
		{DC7AECB5-2F86-4B0F-9B8D-5C1A092DFFA9}.Release|Any CPU.ActiveCfg = Release|Any CPU
		{DC7AECB5-2F86-4B0F-9B8D-5C1A092DFFA9}.Release|Any CPU.Build.0 = Release|Any CPU
	EndGlobalSection
	GlobalSection(SolutionProperties) = preSolution
		HideSolutionNode = FALSE
	EndGlobalSection
	GlobalSection(ExtensibilityGlobals) = postSolution
		SolutionGuid = {FBB76E9C-1627-4C45-9D1B-05CB72984408}
	EndGlobalSection
EndGlobal
